<?xml version="1.0" encoding="utf-8"?>
<Project ToolsVersion="4.0" xmlns="http://schemas.microsoft.com/developer/msbuild/2003">
  <ItemGroup>
    <Filter Include="Utils">
      <UniqueIdentifier>{ac392acf-1f87-44b2-a90e-cddd0ef32158}</UniqueIdentifier>
    </Filter>
    <Filter Include="Resources">
      <UniqueIdentifier>{5952340e-a2e1-4400-a874-ee9ec9a0ebc2}</UniqueIdentifier>
    </Filter>
    <Filter Include="Shader">
      <UniqueIdentifier>{1bba89f5-4630-4117-b256-f8aedbd88a78}</UniqueIdentifier>
    </Filter>
    <Filter Include="Object">
      <UniqueIdentifier>{be6fbd6d-d26d-4f44-86c8-86396a850464}</UniqueIdentifier>
    </Filter>
    <Filter Include="Function">
      <UniqueIdentifier>{7a66b774-3e71-4c4c-8051-5d44dac4f7c1}</UniqueIdentifier>
    </Filter>
    <Filter Include="Behavior">
      <UniqueIdentifier>{993135a7-544c-45d6-aa62-62b02d51f5fd}</UniqueIdentifier>
    </Filter>
    <Filter Include="ImGui">
      <UniqueIdentifier>{8b5cc939-30d0-401a-9ef7-e8be65a2651b}</UniqueIdentifier>
    </Filter>
    <Filter Include="Core">
      <UniqueIdentifier>{23277886-091f-40af-ad9e-027d53ef9f3b}</UniqueIdentifier>
    </Filter>
    <Filter Include="Library">
      <UniqueIdentifier>{e6865fd3-883f-4ddf-9442-e1cfcdffb2e2}</UniqueIdentifier>
    </Filter>
  </ItemGroup>
  <ItemGroup>
    <ClInclude Include="Memo.h" />
    <ClInclude Include="..\ImGui\imconfig.h">
      <Filter>ImGui</Filter>
    </ClInclude>
    <ClInclude Include="..\ImGui\imgui.h">
      <Filter>ImGui</Filter>
    </ClInclude>
    <ClInclude Include="..\ImGui\imgui_impl_dx12.h">
      <Filter>ImGui</Filter>
    </ClInclude>
    <ClInclude Include="..\ImGui\imgui_impl_win32.h">
      <Filter>ImGui</Filter>
    </ClInclude>
    <ClInclude Include="..\ImGui\imgui_internal.h">
      <Filter>ImGui</Filter>
    </ClInclude>
    <ClInclude Include="..\ImGui\imstb_rectpack.h">
      <Filter>ImGui</Filter>
    </ClInclude>
    <ClInclude Include="..\ImGui\imstb_textedit.h">
      <Filter>ImGui</Filter>
    </ClInclude>
    <ClInclude Include="..\ImGui\imstb_truetype.h">
      <Filter>ImGui</Filter>
    </ClInclude>
    <ClInclude Include="Behavior\Behavior.h">
      <Filter>Behavior</Filter>
    </ClInclude>
    <ClInclude Include="Behavior\CameraMove.h">
      <Filter>Behavior</Filter>
    </ClInclude>
    <ClInclude Include="Function\CommandManager.h">
      <Filter>Function</Filter>
    </ClInclude>
    <ClInclude Include="Function\Filter.h">
      <Filter>Function</Filter>
    </ClInclude>
    <ClInclude Include="Function\Frustum.h">
      <Filter>Function</Filter>
    </ClInclude>
    <ClInclude Include="Function\KeyInput.h">
      <Filter>Function</Filter>
    </ClInclude>
    <ClInclude Include="Function\PostProcess.h">
      <Filter>Function</Filter>
    </ClInclude>
    <ClInclude Include="Function\RenderTargets.h">
      <Filter>Function</Filter>
    </ClInclude>
    <ClInclude Include="Function\ThreadManager.h">
      <Filter>Function</Filter>
    </ClInclude>
    <ClInclude Include="Object\Camera.h">
      <Filter>Object</Filter>
    </ClInclude>
    <ClInclude Include="Object\Component.h">
      <Filter>Object</Filter>
    </ClInclude>
    <ClInclude Include="Object\Grid.h">
      <Filter>Object</Filter>
    </ClInclude>
    <ClInclude Include="Object\Light.h">
      <Filter>Object</Filter>
    </ClInclude>
    <ClInclude Include="Object\Object.h">
      <Filter>Object</Filter>
    </ClInclude>
    <ClInclude Include="Object\Object_Instancing.h">
      <Filter>Object</Filter>
    </ClInclude>
    <ClInclude Include="Object\ObjectManager.h">
      <Filter>Object</Filter>
    </ClInclude>
    <ClInclude Include="Object\Skybox.h">
      <Filter>Object</Filter>
    </ClInclude>
    <ClInclude Include="Resources\BoundingShape.h">
      <Filter>Resources</Filter>
    </ClInclude>
    <ClInclude Include="Resources\DescriptorHeap.h">
      <Filter>Resources</Filter>
    </ClInclude>
    <ClInclude Include="Resources\GlobalData.h">
      <Filter>Resources</Filter>
    </ClInclude>
    <ClInclude Include="Resources\Material.h">
      <Filter>Resources</Filter>
    </ClInclude>
    <ClInclude Include="Resources\Mesh.h">
      <Filter>Resources</Filter>
    </ClInclude>
    <ClInclude Include="Resources\MeshBuffer.h">
      <Filter>Resources</Filter>
    </ClInclude>
    <ClInclude Include="Resources\MeshData.h">
      <Filter>Resources</Filter>
    </ClInclude>
    <ClInclude Include="Resources\Texture.h">
      <Filter>Resources</Filter>
    </ClInclude>
    <ClInclude Include="Resources\ConstantBuffer.h">
      <Filter>Resources</Filter>
    </ClInclude>
    <ClInclude Include="Core\Engine.h">
      <Filter>Core</Filter>
    </ClInclude>
    <ClInclude Include="Core\EngineInit.h">
      <Filter>Core</Filter>
    </ClInclude>
    <ClInclude Include="Core\framework.h">
      <Filter>Core</Filter>
    </ClInclude>
    <ClInclude Include="Core\PipeLine.h">
      <Filter>Core</Filter>
    </ClInclude>
    <ClInclude Include="Core\Timer.h">
      <Filter>Core</Filter>
    </ClInclude>
    <ClInclude Include="Utils\d3dUtil.h">
      <Filter>Utils</Filter>
    </ClInclude>
    <ClInclude Include="Utils\d3dx12.h">
      <Filter>Utils</Filter>
    </ClInclude>
    <ClInclude Include="Utils\Headers.h">
      <Filter>Utils</Filter>
    </ClInclude>
    <ClInclude Include="Utils\MathHelper.h">
      <Filter>Utils</Filter>
    </ClInclude>
    <ClInclude Include="Utils\Util.h">
      <Filter>Utils</Filter>
    </ClInclude>
    <ClInclude Include="Utils\pch.h">
      <Filter>Utils</Filter>
    </ClInclude>
    <ClInclude Include="Library\SimpleMath.h">
      <Filter>Library</Filter>
    </ClInclude>
  </ItemGroup>
  <ItemGroup>
    <ClCompile Include="..\ImGui\imgui.cpp">
      <Filter>ImGui</Filter>
    </ClCompile>
    <ClCompile Include="..\ImGui\imgui_demo.cpp">
      <Filter>ImGui</Filter>
    </ClCompile>
    <ClCompile Include="..\ImGui\imgui_draw.cpp">
      <Filter>ImGui</Filter>
    </ClCompile>
    <ClCompile Include="..\ImGui\imgui_impl_dx12.cpp">
      <Filter>ImGui</Filter>
    </ClCompile>
    <ClCompile Include="..\ImGui\imgui_impl_win32.cpp">
      <Filter>ImGui</Filter>
    </ClCompile>
    <ClCompile Include="..\ImGui\imgui_tables.cpp">
      <Filter>ImGui</Filter>
    </ClCompile>
    <ClCompile Include="..\ImGui\imgui_widgets.cpp">
      <Filter>ImGui</Filter>
    </ClCompile>
    <ClCompile Include="Behavior\Behavior.cpp">
      <Filter>Behavior</Filter>
    </ClCompile>
    <ClCompile Include="Behavior\CameraMove.cpp">
      <Filter>Behavior</Filter>
    </ClCompile>
    <ClCompile Include="Function\CommandManager.cpp">
      <Filter>Function</Filter>
    </ClCompile>
    <ClCompile Include="Function\Filter.cpp">
      <Filter>Function</Filter>
    </ClCompile>
    <ClCompile Include="Function\Frustum.cpp">
      <Filter>Function</Filter>
    </ClCompile>
    <ClCompile Include="Function\KeyInput.cpp">
      <Filter>Function</Filter>
    </ClCompile>
    <ClCompile Include="Function\PostProcess.cpp">
      <Filter>Function</Filter>
    </ClCompile>
    <ClCompile Include="Function\RenderTargets.cpp">
      <Filter>Function</Filter>
    </ClCompile>
    <ClCompile Include="Function\ThreadManager.cpp">
      <Filter>Function</Filter>
    </ClCompile>
    <ClCompile Include="Object\Camera.cpp">
      <Filter>Object</Filter>
    </ClCompile>
    <ClCompile Include="Object\Component.cpp">
      <Filter>Object</Filter>
    </ClCompile>
    <ClCompile Include="Object\Grid.cpp">
      <Filter>Object</Filter>
    </ClCompile>
    <ClCompile Include="Object\Light.cpp">
      <Filter>Object</Filter>
    </ClCompile>
    <ClCompile Include="Object\Object.cpp">
      <Filter>Object</Filter>
    </ClCompile>
    <ClCompile Include="Object\Object_Instancing.cpp">
      <Filter>Object</Filter>
    </ClCompile>
    <ClCompile Include="Object\ObjectManager.cpp">
      <Filter>Object</Filter>
    </ClCompile>
    <ClCompile Include="Object\Skybox.cpp">
      <Filter>Object</Filter>
    </ClCompile>
    <ClCompile Include="Resources\BoundingShape.cpp">
      <Filter>Resources</Filter>
    </ClCompile>
    <ClCompile Include="Resources\DescriptorHeap.cpp">
      <Filter>Resources</Filter>
    </ClCompile>
    <ClCompile Include="Resources\GlobalData.cpp">
      <Filter>Resources</Filter>
    </ClCompile>
    <ClCompile Include="Resources\Material.cpp">
      <Filter>Resources</Filter>
    </ClCompile>
    <ClCompile Include="Resources\Mesh.cpp">
      <Filter>Resources</Filter>
    </ClCompile>
    <ClCompile Include="Resources\MeshBuffer.cpp">
      <Filter>Resources</Filter>
    </ClCompile>
    <ClCompile Include="Resources\MeshData.cpp">
      <Filter>Resources</Filter>
    </ClCompile>
    <ClCompile Include="Resources\Texture.cpp">
      <Filter>Resources</Filter>
    </ClCompile>
    <ClCompile Include="Core\Engine.cpp">
      <Filter>Core</Filter>
    </ClCompile>
    <ClCompile Include="Core\EngineInit.cpp">
      <Filter>Core</Filter>
    </ClCompile>
    <ClCompile Include="Core\PipeLine.cpp">
      <Filter>Core</Filter>
    </ClCompile>
    <ClCompile Include="Core\Timer.cpp">
      <Filter>Core</Filter>
    </ClCompile>
    <ClCompile Include="Utils\d3dUtil.cpp">
      <Filter>Utils</Filter>
    </ClCompile>
    <ClCompile Include="Utils\Headers.cpp">
      <Filter>Utils</Filter>
    </ClCompile>
    <ClCompile Include="Utils\MathHelper.cpp">
      <Filter>Utils</Filter>
    </ClCompile>
    <ClCompile Include="Utils\pch.cpp">
      <Filter>Utils</Filter>
    </ClCompile>
    <ClCompile Include="Library\SimpleMath.cpp">
      <Filter>Library</Filter>
    </ClCompile>
  </ItemGroup>
  <ItemGroup>
    <FxCompile Include="..\Resources\Shader\DefaultPS.hlsl">
      <Filter>Shader</Filter>
    </FxCompile>
    <FxCompile Include="..\Resources\Shader\DefaultVS.hlsl">
      <Filter>Shader</Filter>
    </FxCompile>
    <FxCompile Include="..\Resources\Shader\Skybox.hlsl">
      <Filter>Shader</Filter>
    </FxCompile>
    <FxCompile Include="..\Resources\Shader\DeferredPS.hlsl">
      <Filter>Shader</Filter>
    </FxCompile>
    <FxCompile Include="..\Resources\Shader\Combine.hlsl">
      <Filter>Shader</Filter>
    </FxCompile>
    <FxCompile Include="..\Resources\Shader\InstancingVS.hlsl">
      <Filter>Shader</Filter>
    </FxCompile>
    <FxCompile Include="..\Resources\Shader\FilterCS.hlsl">
      <Filter>Shader</Filter>
    </FxCompile>
    <FxCompile Include="..\Resources\Shader\Deferred_TS.hlsl">
      <Filter>Shader</Filter>
    </FxCompile>
    <FxCompile Include="..\Resources\Shader\Deferred_GS.hlsl">
      <Filter>Shader</Filter>
    </FxCompile>
    <FxCompile Include="..\Resources\Shader\ShadowPass.hlsl">
      <Filter>Shader</Filter>
    </FxCompile>
    <FxCompile Include="..\Resources\Shader\PostProcess.hlsl">
      <Filter>Shader</Filter>
    </FxCompile>
  </ItemGroup>
  <ItemGroup>
    <None Include="..\Resources\Shader\Common.hlsli">
      <Filter>Shader</Filter>
    </None>
    <None Include="..\Resources\Shader\Function.hlsli">
      <Filter>Shader</Filter>
    </None>
    <None Include="Library\SimpleMath.inl">
      <Filter>Library</Filter>
    </None>
  </ItemGroup>
</Project>