<?xml version="1.0" encoding="utf-8"?>
<Project ToolsVersion="4.0" xmlns="http://schemas.microsoft.com/developer/msbuild/2003">
  <ItemGroup>
    <Filter Include="Engine">
      <UniqueIdentifier>{23277886-091f-40af-ad9e-027d53ef9f3b}</UniqueIdentifier>
    </Filter>
    <Filter Include="Utils">
      <UniqueIdentifier>{ac392acf-1f87-44b2-a90e-cddd0ef32158}</UniqueIdentifier>
    </Filter>
    <Filter Include="Utils\private">
      <UniqueIdentifier>{b1c6d23e-12a9-448b-aef5-99e1d9032e1b}</UniqueIdentifier>
    </Filter>
    <Filter Include="Utils\public">
      <UniqueIdentifier>{3edfa871-4eae-4ba8-87eb-6977c53083c7}</UniqueIdentifier>
    </Filter>
    <Filter Include="Resources">
      <UniqueIdentifier>{5952340e-a2e1-4400-a874-ee9ec9a0ebc2}</UniqueIdentifier>
    </Filter>
    <Filter Include="Shader">
      <UniqueIdentifier>{1bba89f5-4630-4117-b256-f8aedbd88a78}</UniqueIdentifier>
    </Filter>
    <Filter Include="Object">
      <UniqueIdentifier>{be6fbd6d-d26d-4f44-86c8-86396a850464}</UniqueIdentifier>
    </Filter>
    <Filter Include="Function">
      <UniqueIdentifier>{7a66b774-3e71-4c4c-8051-5d44dac4f7c1}</UniqueIdentifier>
    </Filter>
    <Filter Include="Behavior">
      <UniqueIdentifier>{993135a7-544c-45d6-aa62-62b02d51f5fd}</UniqueIdentifier>
    </Filter>
    <Filter Include="ImGui">
      <UniqueIdentifier>{8b5cc939-30d0-401a-9ef7-e8be65a2651b}</UniqueIdentifier>
    </Filter>
  </ItemGroup>
  <ItemGroup>
    <ClInclude Include="Headers.h">
      <Filter>Utils\public</Filter>
    </ClInclude>
    <ClInclude Include="framework.h">
      <Filter>Utils\public</Filter>
    </ClInclude>
    <ClInclude Include="pch.h">
      <Filter>Utils\public</Filter>
    </ClInclude>
    <ClInclude Include="d3dx12.h">
      <Filter>Utils\public</Filter>
    </ClInclude>
    <ClInclude Include="d3dUtil.h">
      <Filter>Utils\public</Filter>
    </ClInclude>
    <ClInclude Include="MathHelper.h">
      <Filter>Utils\public</Filter>
    </ClInclude>
    <ClInclude Include="Engine.h">
      <Filter>Engine</Filter>
    </ClInclude>
    <ClInclude Include="Timer.h">
      <Filter>Engine</Filter>
    </ClInclude>
    <ClInclude Include="EngineInit.h">
      <Filter>Engine</Filter>
    </ClInclude>
    <ClInclude Include="MeshData.h">
      <Filter>Resources</Filter>
    </ClInclude>
    <ClInclude Include="Mesh.h">
      <Filter>Resources</Filter>
    </ClInclude>
    <ClInclude Include="PipeLine.h">
      <Filter>Engine</Filter>
    </ClInclude>
    <ClInclude Include="MeshBuffer.h">
      <Filter>Resources</Filter>
    </ClInclude>
    <ClInclude Include="Texture.h">
      <Filter>Resources</Filter>
    </ClInclude>
    <ClInclude Include="KeyInput.h">
      <Filter>Utils\public</Filter>
    </ClInclude>
    <ClInclude Include="ConstantBuffer.h">
      <Filter>Resources</Filter>
    </ClInclude>
    <ClInclude Include="SimpleMath.h">
      <Filter>Utils\public</Filter>
    </ClInclude>
    <ClInclude Include="Util.h">
      <Filter>Utils\public</Filter>
    </ClInclude>
    <ClInclude Include="Camera.h">
      <Filter>Object</Filter>
    </ClInclude>
    <ClInclude Include="Object.h">
      <Filter>Object</Filter>
    </ClInclude>
    <ClInclude Include="Material.h">
      <Filter>Resources</Filter>
    </ClInclude>
    <ClInclude Include="Component.h">
      <Filter>Object</Filter>
    </ClInclude>
    <ClInclude Include="Behavior.h">
      <Filter>Object</Filter>
    </ClInclude>
    <ClInclude Include="CameraMove.h">
      <Filter>Behavior</Filter>
    </ClInclude>
    <ClInclude Include="DescriptorHeap.h">
      <Filter>Resources</Filter>
    </ClInclude>
    <ClInclude Include="ObjectManager.h">
      <Filter>Object</Filter>
    </ClInclude>
    <ClInclude Include="Skybox.h">
      <Filter>Object</Filter>
    </ClInclude>
    <ClInclude Include="GlobalData.h">
      <Filter>Resources</Filter>
    </ClInclude>
    <ClInclude Include="Memo.h" />
    <ClInclude Include="RenderTargets.h">
      <Filter>Function</Filter>
    </ClInclude>
    <ClInclude Include="PostProcess.h">
      <Filter>Function</Filter>
    </ClInclude>
    <ClInclude Include="Light.h">
      <Filter>Object</Filter>
    </ClInclude>
    <ClInclude Include="Frustum.h">
      <Filter>Function</Filter>
    </ClInclude>
    <ClInclude Include="BoundingShape.h">
      <Filter>Resources</Filter>
    </ClInclude>
    <ClInclude Include="Object_Instancing.h">
      <Filter>Object</Filter>
    </ClInclude>
    <ClInclude Include="Filter.h">
      <Filter>Function</Filter>
    </ClInclude>
    <ClInclude Include="Grid.h">
      <Filter>Object</Filter>
    </ClInclude>
    <ClInclude Include="..\ImGui\imconfig.h">
      <Filter>ImGui</Filter>
    </ClInclude>
    <ClInclude Include="..\ImGui\imgui.h">
      <Filter>ImGui</Filter>
    </ClInclude>
    <ClInclude Include="..\ImGui\imgui_impl_dx12.h">
      <Filter>ImGui</Filter>
    </ClInclude>
    <ClInclude Include="..\ImGui\imgui_impl_win32.h">
      <Filter>ImGui</Filter>
    </ClInclude>
    <ClInclude Include="..\ImGui\imgui_internal.h">
      <Filter>ImGui</Filter>
    </ClInclude>
    <ClInclude Include="..\ImGui\imstb_rectpack.h">
      <Filter>ImGui</Filter>
    </ClInclude>
    <ClInclude Include="..\ImGui\imstb_textedit.h">
      <Filter>ImGui</Filter>
    </ClInclude>
    <ClInclude Include="..\ImGui\imstb_truetype.h">
      <Filter>ImGui</Filter>
    </ClInclude>
  </ItemGroup>
  <ItemGroup>
    <ClCompile Include="pch.cpp">
      <Filter>Utils\private</Filter>
    </ClCompile>
    <ClCompile Include="d3dUtil.cpp">
      <Filter>Utils\private</Filter>
    </ClCompile>
    <ClCompile Include="MathHelper.cpp">
      <Filter>Utils\private</Filter>
    </ClCompile>
    <ClCompile Include="Engine.cpp">
      <Filter>Engine</Filter>
    </ClCompile>
    <ClCompile Include="EngineInit.cpp">
      <Filter>Engine</Filter>
    </ClCompile>
    <ClCompile Include="Timer.cpp">
      <Filter>Engine</Filter>
    </ClCompile>
    <ClCompile Include="Mesh.cpp">
      <Filter>Resources</Filter>
    </ClCompile>
    <ClCompile Include="MeshData.cpp">
      <Filter>Resources</Filter>
    </ClCompile>
    <ClCompile Include="Headers.cpp">
      <Filter>Utils\private</Filter>
    </ClCompile>
    <ClCompile Include="PipeLine.cpp">
      <Filter>Engine</Filter>
    </ClCompile>
    <ClCompile Include="MeshBuffer.cpp">
      <Filter>Resources</Filter>
    </ClCompile>
    <ClCompile Include="Texture.cpp">
      <Filter>Resources</Filter>
    </ClCompile>
    <ClCompile Include="KeyInput.cpp">
      <Filter>Utils\private</Filter>
    </ClCompile>
    <ClCompile Include="SimpleMath.cpp">
      <Filter>Utils\private</Filter>
    </ClCompile>
    <ClCompile Include="Camera.cpp">
      <Filter>Object</Filter>
    </ClCompile>
    <ClCompile Include="Object.cpp">
      <Filter>Object</Filter>
    </ClCompile>
    <ClCompile Include="Material.cpp">
      <Filter>Resources</Filter>
    </ClCompile>
    <ClCompile Include="Behavior.cpp">
      <Filter>Object</Filter>
    </ClCompile>
    <ClCompile Include="Component.cpp">
      <Filter>Object</Filter>
    </ClCompile>
    <ClCompile Include="CameraMove.cpp">
      <Filter>Behavior</Filter>
    </ClCompile>
    <ClCompile Include="DescriptorHeap.cpp">
      <Filter>Resources</Filter>
    </ClCompile>
    <ClCompile Include="ObjectManager.cpp">
      <Filter>Object</Filter>
    </ClCompile>
    <ClCompile Include="Skybox.cpp">
      <Filter>Object</Filter>
    </ClCompile>
    <ClCompile Include="GlobalData.cpp">
      <Filter>Resources</Filter>
    </ClCompile>
    <ClCompile Include="PostProcess.cpp">
      <Filter>Function</Filter>
    </ClCompile>
    <ClCompile Include="RenderTargets.cpp">
      <Filter>Function</Filter>
    </ClCompile>
    <ClCompile Include="Light.cpp">
      <Filter>Object</Filter>
    </ClCompile>
    <ClCompile Include="Frustum.cpp">
      <Filter>Function</Filter>
    </ClCompile>
    <ClCompile Include="BoundingShape.cpp">
      <Filter>Resources</Filter>
    </ClCompile>
    <ClCompile Include="Object_Instancing.cpp">
      <Filter>Object</Filter>
    </ClCompile>
    <ClCompile Include="Filter.cpp">
      <Filter>Function</Filter>
    </ClCompile>
    <ClCompile Include="Grid.cpp">
      <Filter>Object</Filter>
    </ClCompile>
    <ClCompile Include="..\ImGui\imgui.cpp">
      <Filter>ImGui</Filter>
    </ClCompile>
    <ClCompile Include="..\ImGui\imgui_demo.cpp">
      <Filter>ImGui</Filter>
    </ClCompile>
    <ClCompile Include="..\ImGui\imgui_draw.cpp">
      <Filter>ImGui</Filter>
    </ClCompile>
    <ClCompile Include="..\ImGui\imgui_impl_dx12.cpp">
      <Filter>ImGui</Filter>
    </ClCompile>
    <ClCompile Include="..\ImGui\imgui_impl_win32.cpp">
      <Filter>ImGui</Filter>
    </ClCompile>
    <ClCompile Include="..\ImGui\imgui_tables.cpp">
      <Filter>ImGui</Filter>
    </ClCompile>
    <ClCompile Include="..\ImGui\imgui_widgets.cpp">
      <Filter>ImGui</Filter>
    </ClCompile>
  </ItemGroup>
  <ItemGroup>
    <FxCompile Include="..\Resources\Shader\DefaultPS.hlsl">
      <Filter>Shader</Filter>
    </FxCompile>
    <FxCompile Include="..\Resources\Shader\DefaultVS.hlsl">
      <Filter>Shader</Filter>
    </FxCompile>
    <FxCompile Include="..\Resources\Shader\Skybox.hlsl">
      <Filter>Shader</Filter>
    </FxCompile>
    <FxCompile Include="..\Resources\Shader\DeferredPS.hlsl">
      <Filter>Shader</Filter>
    </FxCompile>
    <FxCompile Include="..\Resources\Shader\Combine.hlsl">
      <Filter>Shader</Filter>
    </FxCompile>
    <FxCompile Include="..\Resources\Shader\InstancingVS.hlsl">
      <Filter>Shader</Filter>
    </FxCompile>
    <FxCompile Include="..\Resources\Shader\FilterCS.hlsl">
      <Filter>Shader</Filter>
    </FxCompile>
    <FxCompile Include="..\Resources\Shader\Deferred_TS.hlsl">
      <Filter>Shader</Filter>
    </FxCompile>
    <FxCompile Include="..\Resources\Shader\Deferred_GS.hlsl">
      <Filter>Shader</Filter>
    </FxCompile>
    <FxCompile Include="..\Resources\Shader\ShadowPass.hlsl">
      <Filter>Shader</Filter>
    </FxCompile>
    <FxCompile Include="..\Resources\Shader\PostProcess.hlsl">
      <Filter>Shader</Filter>
    </FxCompile>
  </ItemGroup>
  <ItemGroup>
    <None Include="..\Resources\Shader\Common.hlsli">
      <Filter>Shader</Filter>
    </None>
    <None Include="..\Resources\Shader\Function.hlsli">
      <Filter>Shader</Filter>
    </None>
  </ItemGroup>
</Project>