<?xml version="1.0" encoding="utf-8"?>
<Project ToolsVersion="4.0" xmlns="http://schemas.microsoft.com/developer/msbuild/2003">
  <ItemGroup>
    <Filter Include="Engine">
      <UniqueIdentifier>{23277886-091f-40af-ad9e-027d53ef9f3b}</UniqueIdentifier>
    </Filter>
    <Filter Include="Utils">
      <UniqueIdentifier>{ac392acf-1f87-44b2-a90e-cddd0ef32158}</UniqueIdentifier>
    </Filter>
    <Filter Include="Utils\private">
      <UniqueIdentifier>{b1c6d23e-12a9-448b-aef5-99e1d9032e1b}</UniqueIdentifier>
    </Filter>
    <Filter Include="Utils\public">
      <UniqueIdentifier>{3edfa871-4eae-4ba8-87eb-6977c53083c7}</UniqueIdentifier>
    </Filter>
    <Filter Include="Resources">
      <UniqueIdentifier>{5952340e-a2e1-4400-a874-ee9ec9a0ebc2}</UniqueIdentifier>
    </Filter>
    <Filter Include="Shader">
      <UniqueIdentifier>{1bba89f5-4630-4117-b256-f8aedbd88a78}</UniqueIdentifier>
    </Filter>
  </ItemGroup>
  <ItemGroup>
    <ClInclude Include="Headers.h">
      <Filter>Utils\public</Filter>
    </ClInclude>
    <ClInclude Include="framework.h">
      <Filter>Utils\public</Filter>
    </ClInclude>
    <ClInclude Include="pch.h">
      <Filter>Utils\public</Filter>
    </ClInclude>
    <ClInclude Include="d3dx12.h">
      <Filter>Utils\public</Filter>
    </ClInclude>
    <ClInclude Include="d3dUtil.h">
      <Filter>Utils\public</Filter>
    </ClInclude>
    <ClInclude Include="MathHelper.h">
      <Filter>Utils\public</Filter>
    </ClInclude>
    <ClInclude Include="Engine.h">
      <Filter>Engine</Filter>
    </ClInclude>
    <ClInclude Include="Timer.h">
      <Filter>Engine</Filter>
    </ClInclude>
    <ClInclude Include="EngineInit.h">
      <Filter>Engine</Filter>
    </ClInclude>
    <ClInclude Include="MeshData.h">
      <Filter>Resources</Filter>
    </ClInclude>
    <ClInclude Include="Mesh.h">
      <Filter>Resources</Filter>
    </ClInclude>
    <ClInclude Include="PipeLine.h">
      <Filter>Engine</Filter>
    </ClInclude>
    <ClInclude Include="MeshBuffer.h">
      <Filter>Resources</Filter>
    </ClInclude>
    <ClInclude Include="Texture.h">
      <Filter>Resources</Filter>
    </ClInclude>
    <ClInclude Include="KeyInput.h">
      <Filter>Utils\public</Filter>
    </ClInclude>
    <ClInclude Include="Material.h" />
    <ClInclude Include="ConstantBuffer.h">
      <Filter>Resources</Filter>
    </ClInclude>
  </ItemGroup>
  <ItemGroup>
    <ClCompile Include="pch.cpp">
      <Filter>Utils\private</Filter>
    </ClCompile>
    <ClCompile Include="d3dUtil.cpp">
      <Filter>Utils\private</Filter>
    </ClCompile>
    <ClCompile Include="MathHelper.cpp">
      <Filter>Utils\private</Filter>
    </ClCompile>
    <ClCompile Include="Engine.cpp">
      <Filter>Engine</Filter>
    </ClCompile>
    <ClCompile Include="EngineInit.cpp">
      <Filter>Engine</Filter>
    </ClCompile>
    <ClCompile Include="Timer.cpp">
      <Filter>Engine</Filter>
    </ClCompile>
    <ClCompile Include="Mesh.cpp">
      <Filter>Resources</Filter>
    </ClCompile>
    <ClCompile Include="MeshData.cpp">
      <Filter>Resources</Filter>
    </ClCompile>
    <ClCompile Include="Headers.cpp">
      <Filter>Utils\private</Filter>
    </ClCompile>
    <ClCompile Include="PipeLine.cpp">
      <Filter>Engine</Filter>
    </ClCompile>
    <ClCompile Include="MeshBuffer.cpp">
      <Filter>Resources</Filter>
    </ClCompile>
    <ClCompile Include="Texture.cpp">
      <Filter>Resources</Filter>
    </ClCompile>
    <ClCompile Include="KeyInput.cpp">
      <Filter>Utils\private</Filter>
    </ClCompile>
    <ClCompile Include="Material.cpp" />
  </ItemGroup>
  <ItemGroup>
    <FxCompile Include="..\Resources\Shader\DefaultPS.hlsl">
      <Filter>Shader</Filter>
    </FxCompile>
    <FxCompile Include="..\Resources\Shader\DefaultVS.hlsl">
      <Filter>Shader</Filter>
    </FxCompile>
  </ItemGroup>
</Project>